
Microsoft Visual Studio Solution File, Format Version 12.00
# Visual Studio Version 16
VisualStudioVersion = 16.0.29403.142
MinimumVisualStudioVersion = 10.0.40219.1
Project("{FAE04EC0-301F-11D3-BF4B-00C04F79EFBC}") = "Fibonacci", "Fibonacci.csproj", "{179FECDB-D41D-4E04-9ADE-B77A33C574D3}"
EndProject
Global
	GlobalSection(SolutionConfigurationPlatforms) = preSolution
		Debug|Any CPU = Debug|Any CPU
		Release|Any CPU = Release|Any CPU
	EndGlobalSection
	GlobalSection(ProjectConfigurationPlatforms) = postSolution
		{179FECDB-D41D-4E04-9ADE-B77A33C574D3}.Debug|Any CPU.ActiveCfg = Debug|Any CPU
		{179FECDB-D41D-4E04-9ADE-B77A33C574D3}.Debug|Any CPU.Build.0 = Debug|Any CPU
		{179FECDB-D41D-4E04-9ADE-B77A33C574D3}.Release|Any CPU.ActiveCfg = Release|Any CPU
		{179FECDB-D41D-4E04-9ADE-B77A33C574D3}.Release|Any CPU.Build.0 = Release|Any CPU
	EndGlobalSection
	GlobalSection(SolutionProperties) = preSolution
		HideSolutionNode = FALSE
	EndGlobalSection
	GlobalSection(ExtensibilityGlobals) = postSolution
		SolutionGuid = {ADF760B2-2A73-44BC-A5F7-C151A83B692B}
	EndGlobalSection
EndGlobal
